
Microsoft Visual Studio Solution File, Format Version 12.00
# Visual Studio 15
Project("{D954291E-2A0B-460D-934E-DC6B0785DB48}") = "XamarinNotBlank", "XamarinNotBlank.shproj", "{5D7F2988-E83C-4A56-A320-D55D4E3D961E}"
EndProject
Project("{FAE04EC0-301F-11D3-BF4B-00C04F79EFBC}") = "XamarinNotBlank.iOS", "iOS\XamarinNotBlank.iOS.csproj", "{CC6111ED-E148-49DD-B5B4-C808DA18AB70}"
EndProject
Project("{FAE04EC0-301F-11D3-BF4B-00C04F79EFBC}") = "XamarinNotBlank.Droid", "Droid\XamarinNotBlank.Droid.csproj", "{B18AF374-3F55-489E-94E3-E16FAE63305D}"
EndProject
Global
	GlobalSection(SolutionConfigurationPlatforms) = preSolution
		Debug|iPhoneSimulator = Debug|iPhoneSimulator
		Release|iPhone = Release|iPhone
		Release|iPhoneSimulator = Release|iPhoneSimulator
		Debug|iPhone = Debug|iPhone
		Debug|Any CPU = Debug|Any CPU
		Release|Any CPU = Release|Any CPU
	EndGlobalSection
	GlobalSection(ProjectConfigurationPlatforms) = postSolution
		{CC6111ED-E148-49DD-B5B4-C808DA18AB70}.Debug|iPhoneSimulator.ActiveCfg = Debug|iPhoneSimulator
		{CC6111ED-E148-49DD-B5B4-C808DA18AB70}.Debug|iPhoneSimulator.Build.0 = Debug|iPhoneSimulator
		{CC6111ED-E148-49DD-B5B4-C808DA18AB70}.Release|iPhone.ActiveCfg = Release|iPhone
		{CC6111ED-E148-49DD-B5B4-C808DA18AB70}.Release|iPhone.Build.0 = Release|iPhone
		{CC6111ED-E148-49DD-B5B4-C808DA18AB70}.Release|iPhoneSimulator.ActiveCfg = Release|iPhoneSimulator
		{CC6111ED-E148-49DD-B5B4-C808DA18AB70}.Release|iPhoneSimulator.Build.0 = Release|iPhoneSimulator
		{CC6111ED-E148-49DD-B5B4-C808DA18AB70}.Debug|iPhone.ActiveCfg = Debug|iPhone
		{CC6111ED-E148-49DD-B5B4-C808DA18AB70}.Debug|iPhone.Build.0 = Debug|iPhone
		{CC6111ED-E148-49DD-B5B4-C808DA18AB70}.Debug|Any CPU.ActiveCfg = Debug|iPhoneSimulator
		{CC6111ED-E148-49DD-B5B4-C808DA18AB70}.Debug|Any CPU.Build.0 = Debug|iPhoneSimulator
		{CC6111ED-E148-49DD-B5B4-C808DA18AB70}.Release|Any CPU.ActiveCfg = Release|iPhone
		{CC6111ED-E148-49DD-B5B4-C808DA18AB70}.Release|Any CPU.Build.0 = Release|iPhone
		{B18AF374-3F55-489E-94E3-E16FAE63305D}.Debug|iPhoneSimulator.ActiveCfg = Debug|Any CPU
		{B18AF374-3F55-489E-94E3-E16FAE63305D}.Debug|iPhoneSimulator.Build.0 = Debug|Any CPU
		{B18AF374-3F55-489E-94E3-E16FAE63305D}.Release|iPhone.ActiveCfg = Release|Any CPU
		{B18AF374-3F55-489E-94E3-E16FAE63305D}.Release|iPhone.Build.0 = Release|Any CPU
		{B18AF374-3F55-489E-94E3-E16FAE63305D}.Release|iPhoneSimulator.ActiveCfg = Release|Any CPU
		{B18AF374-3F55-489E-94E3-E16FAE63305D}.Release|iPhoneSimulator.Build.0 = Release|Any CPU
		{B18AF374-3F55-489E-94E3-E16FAE63305D}.Debug|iPhone.ActiveCfg = Debug|Any CPU
		{B18AF374-3F55-489E-94E3-E16FAE63305D}.Debug|iPhone.Build.0 = Debug|Any CPU
		{B18AF374-3F55-489E-94E3-E16FAE63305D}.Debug|Any CPU.ActiveCfg = Debug|Any CPU
		{B18AF374-3F55-489E-94E3-E16FAE63305D}.Debug|Any CPU.Build.0 = Debug|Any CPU
		{B18AF374-3F55-489E-94E3-E16FAE63305D}.Release|Any CPU.ActiveCfg = Release|Any CPU
		{B18AF374-3F55-489E-94E3-E16FAE63305D}.Release|Any CPU.Build.0 = Release|Any CPU
	EndGlobalSection
EndGlobal
